
Microsoft Visual Studio Solution File, Format Version 10.00
# Visual Studio 2008
Project("{8BC9CEB8-8B4A-11D0-8D11-00A0C91BC942}") = "PRICER_DLL_EXECUTABLE", "PRICER_DLL_EXECUTABLE\PRICER_DLL_EXECUTABLE.vcproj", "{96F60B15-A321-40C6-89EE-FB492CF5465A}"
	ProjectSection(ProjectDependencies) = postProject
		{4BAA6115-A2DF-4EC3-9177-CAC2C1916CC6} = {4BAA6115-A2DF-4EC3-9177-CAC2C1916CC6}
	EndProjectSection
EndProject
Project("{8BC9CEB8-8B4A-11D0-8D11-00A0C91BC942}") = "ScenarioGenerator(v2)", "ScenarioGenerator(v2)\ScenarioGenerator(v2).vcproj", "{B747199A-5312-4739-8D55-F2BCE35C6F03}"
	ProjectSection(ProjectDependencies) = postProject
		{50F7E939-5552-4BB4-8949-8DC57ACD1219} = {50F7E939-5552-4BB4-8949-8DC57ACD1219}
		{DC7EE7CE-C01A-46E0-839A-1FEAFE4F4033} = {DC7EE7CE-C01A-46E0-839A-1FEAFE4F4033}
	EndProjectSection
EndProject
Project("{8BC9CEB8-8B4A-11D0-8D11-00A0C91BC942}") = "Calibration(dll)", "Calibration\Calibration.vcproj", "{50F7E939-5552-4BB4-8949-8DC57ACD1219}"
	ProjectSection(ProjectDependencies) = postProject
		{DC7EE7CE-C01A-46E0-839A-1FEAFE4F4033} = {DC7EE7CE-C01A-46E0-839A-1FEAFE4F4033}
	EndProjectSection
EndProject
Project("{8BC9CEB8-8B4A-11D0-8D11-00A0C91BC942}") = "AHS_PARSER", "AHS_PARSER\AHS_PARSER.vcproj", "{DC7EE7CE-C01A-46E0-839A-1FEAFE4F4033}"
EndProject
Project("{8BC9CEB8-8B4A-11D0-8D11-00A0C91BC942}") = "PRICER_GMXB_DLL", "PRICER_GMXB_DLL\PRICER_GMXB_DLL.vcproj", "{4BAA6115-A2DF-4EC3-9177-CAC2C1916CC6}"
	ProjectSection(ProjectDependencies) = postProject
		{50F7E939-5552-4BB4-8949-8DC57ACD1219} = {50F7E939-5552-4BB4-8949-8DC57ACD1219}
		{B747199A-5312-4739-8D55-F2BCE35C6F03} = {B747199A-5312-4739-8D55-F2BCE35C6F03}
		{DC7EE7CE-C01A-46E0-839A-1FEAFE4F4033} = {DC7EE7CE-C01A-46E0-839A-1FEAFE4F4033}
		{06EE23D9-784A-4147-992D-8BAE2B0B1FF3} = {06EE23D9-784A-4147-992D-8BAE2B0B1FF3}
	EndProjectSection
EndProject
Project("{8BC9CEB8-8B4A-11D0-8D11-00A0C91BC942}") = "HE_Asset", "HE_Asset\HE_Asset.vcproj", "{06EE23D9-784A-4147-992D-8BAE2B0B1FF3}"
EndProject
Global
	GlobalSection(SolutionConfigurationPlatforms) = preSolution
		Debug|Win32 = Debug|Win32
		Release|Win32 = Release|Win32
	EndGlobalSection
	GlobalSection(ProjectConfigurationPlatforms) = postSolution
		{96F60B15-A321-40C6-89EE-FB492CF5465A}.Debug|Win32.ActiveCfg = Debug|Win32
		{96F60B15-A321-40C6-89EE-FB492CF5465A}.Debug|Win32.Build.0 = Debug|Win32
		{96F60B15-A321-40C6-89EE-FB492CF5465A}.Release|Win32.ActiveCfg = Release|Win32
		{96F60B15-A321-40C6-89EE-FB492CF5465A}.Release|Win32.Build.0 = Release|Win32
		{B747199A-5312-4739-8D55-F2BCE35C6F03}.Debug|Win32.ActiveCfg = Debug|Win32
		{B747199A-5312-4739-8D55-F2BCE35C6F03}.Debug|Win32.Build.0 = Debug|Win32
		{B747199A-5312-4739-8D55-F2BCE35C6F03}.Release|Win32.ActiveCfg = Release|Win32
		{B747199A-5312-4739-8D55-F2BCE35C6F03}.Release|Win32.Build.0 = Release|Win32
		{50F7E939-5552-4BB4-8949-8DC57ACD1219}.Debug|Win32.ActiveCfg = Debug|Win32
		{50F7E939-5552-4BB4-8949-8DC57ACD1219}.Debug|Win32.Build.0 = Debug|Win32
		{50F7E939-5552-4BB4-8949-8DC57ACD1219}.Release|Win32.ActiveCfg = Release|Win32
		{50F7E939-5552-4BB4-8949-8DC57ACD1219}.Release|Win32.Build.0 = Release|Win32
		{DC7EE7CE-C01A-46E0-839A-1FEAFE4F4033}.Debug|Win32.ActiveCfg = Debug|Win32
		{DC7EE7CE-C01A-46E0-839A-1FEAFE4F4033}.Debug|Win32.Build.0 = Debug|Win32
		{DC7EE7CE-C01A-46E0-839A-1FEAFE4F4033}.Release|Win32.ActiveCfg = Release|Win32
		{DC7EE7CE-C01A-46E0-839A-1FEAFE4F4033}.Release|Win32.Build.0 = Release|Win32
		{4BAA6115-A2DF-4EC3-9177-CAC2C1916CC6}.Debug|Win32.ActiveCfg = Debug|Win32
		{4BAA6115-A2DF-4EC3-9177-CAC2C1916CC6}.Debug|Win32.Build.0 = Debug|Win32
		{4BAA6115-A2DF-4EC3-9177-CAC2C1916CC6}.Release|Win32.ActiveCfg = Release|Win32
		{4BAA6115-A2DF-4EC3-9177-CAC2C1916CC6}.Release|Win32.Build.0 = Release|Win32
		{06EE23D9-784A-4147-992D-8BAE2B0B1FF3}.Debug|Win32.ActiveCfg = Debug|Win32
		{06EE23D9-784A-4147-992D-8BAE2B0B1FF3}.Debug|Win32.Build.0 = Debug|Win32
		{06EE23D9-784A-4147-992D-8BAE2B0B1FF3}.Release|Win32.ActiveCfg = Release|Win32
		{06EE23D9-784A-4147-992D-8BAE2B0B1FF3}.Release|Win32.Build.0 = Release|Win32
	EndGlobalSection
	GlobalSection(SolutionProperties) = preSolution
		HideSolutionNode = FALSE
	EndGlobalSection
	GlobalSection(ExtensibilityGlobals) = postSolution
		VisualSVNWorkingCopyRoot = 
	EndGlobalSection
EndGlobal
